<?xml version="1.0" encoding="utf-8"?>
<Project ToolsVersion="4.0" xmlns="http://schemas.microsoft.com/developer/msbuild/2003">
  <ItemGroup>
    <ClCompile Include="$(MSBuildThisFileDirectory)libjpeg-turbo\jaricom.c" />
    <ClCompile Include="$(MSBuildThisFileDirectory)libjpeg-turbo\jcapimin.c" />
    <ClCompile Include="$(MSBuildThisFileDirectory)libjpeg-turbo\jcapistd.c" />
    <ClCompile Include="$(MSBuildThisFileDirectory)libjpeg-turbo\jcarith.c" />
    <ClCompile Include="$(MSBuildThisFileDirectory)libjpeg-turbo\jccoefct.c" />
    <ClCompile Include="$(MSBuildThisFileDirectory)libjpeg-turbo\jccolor.c" />
    <ClCompile Include="$(MSBuildThisFileDirectory)libjpeg-turbo\jcdctmgr.c" />
    <ClCompile Include="$(MSBuildThisFileDirectory)libjpeg-turbo\jchuff.c" />
    <ClCompile Include="$(MSBuildThisFileDirectory)libjpeg-turbo\jcinit.c" />
    <ClCompile Include="$(MSBuildThisFileDirectory)libjpeg-turbo\jcmainct.c" />
    <ClCompile Include="$(MSBuildThisFileDirectory)libjpeg-turbo\jcmarker.c" />
    <ClCompile Include="$(MSBuildThisFileDirectory)libjpeg-turbo\jcmaster.c" />
    <ClCompile Include="$(MSBuildThisFileDirectory)libjpeg-turbo\jcomapi.c" />
    <ClCompile Include="$(MSBuildThisFileDirectory)libjpeg-turbo\jcparam.c" />
    <ClCompile Include="$(MSBuildThisFileDirectory)libjpeg-turbo\jcphuff.c" />
    <ClCompile Include="$(MSBuildThisFileDirectory)libjpeg-turbo\jcprepct.c" />
    <ClCompile Include="$(MSBuildThisFileDirectory)libjpeg-turbo\jcsample.c" />
    <ClCompile Include="$(MSBuildThisFileDirectory)libjpeg-turbo\jctrans.c" />
    <ClCompile Include="$(MSBuildThisFileDirectory)libjpeg-turbo\jdapimin.c" />
    <ClCompile Include="$(MSBuildThisFileDirectory)libjpeg-turbo\jdapistd.c" />
    <ClCompile Include="$(MSBuildThisFileDirectory)libjpeg-turbo\jdarith.c" />
    <ClCompile Include="$(MSBuildThisFileDirectory)libjpeg-turbo\jdatadst.c" />
    <ClCompile Include="$(MSBuildThisFileDirectory)libjpeg-turbo\jdatadst-tj.c" />
    <ClCompile Include="$(MSBuildThisFileDirectory)libjpeg-turbo\jdatasrc.c" />
    <ClCompile Include="$(MSBuildThisFileDirectory)libjpeg-turbo\jdatasrc-tj.c" />
    <ClCompile Include="$(MSBuildThisFileDirectory)libjpeg-turbo\jdcoefct.c" />
    <ClCompile Include="$(MSBuildThisFileDirectory)libjpeg-turbo\jdcolor.c" />
    <ClCompile Include="$(MSBuildThisFileDirectory)libjpeg-turbo\jddctmgr.c" />
    <ClCompile Include="$(MSBuildThisFileDirectory)libjpeg-turbo\jdhuff.c" />
    <ClCompile Include="$(MSBuildThisFileDirectory)libjpeg-turbo\jdinput.c" />
    <ClCompile Include="$(MSBuildThisFileDirectory)libjpeg-turbo\jdmainct.c" />
    <ClCompile Include="$(MSBuildThisFileDirectory)libjpeg-turbo\jdmarker.c" />
    <ClCompile Include="$(MSBuildThisFileDirectory)libjpeg-turbo\jdmaster.c" />
    <ClCompile Include="$(MSBuildThisFileDirectory)libjpeg-turbo\jdmerge.c" />
    <ClCompile Include="$(MSBuildThisFileDirectory)libjpeg-turbo\jdphuff.c" />
    <ClCompile Include="$(MSBuildThisFileDirectory)libjpeg-turbo\jdpostct.c" />
    <ClCompile Include="$(MSBuildThisFileDirectory)libjpeg-turbo\jdsample.c" />
    <ClCompile Include="$(MSBuildThisFileDirectory)libjpeg-turbo\jdtrans.c" />
    <ClCompile Include="$(MSBuildThisFileDirectory)libjpeg-turbo\jerror.c" />
    <ClCompile Include="$(MSBuildThisFileDirectory)libjpeg-turbo\jfdctflt.c" />
    <ClCompile Include="$(MSBuildThisFileDirectory)libjpeg-turbo\jfdctfst.c" />
    <ClCompile Include="$(MSBuildThisFileDirectory)libjpeg-turbo\jfdctint.c" />
    <ClCompile Include="$(MSBuildThisFileDirectory)libjpeg-turbo\jidctflt.c" />
    <ClCompile Include="$(MSBuildThisFileDirectory)libjpeg-turbo\jidctfst.c" />
    <ClCompile Include="$(MSBuildThisFileDirectory)libjpeg-turbo\jidctint.c" />
    <ClCompile Include="$(MSBuildThisFileDirectory)libjpeg-turbo\jidctred.c" />
    <ClCompile Include="$(MSBuildThisFileDirectory)libjpeg-turbo\jmemmgr.c" />
    <ClCompile Include="$(MSBuildThisFileDirectory)libjpeg-turbo\jmemnobs.c" />
    <ClCompile Include="$(MSBuildThisFileDirectory)libjpeg-turbo\jquant1.c" />
    <ClCompile Include="$(MSBuildThisFileDirectory)libjpeg-turbo\jquant2.c" />
    <ClCompile Include="$(MSBuildThisFileDirectory)libjpeg-turbo\jutils.c" />
    <ClCompile Include="$(MSBuildThisFileDirectory)libjpeg-turbo\transupp.c" />
    <ClCompile Include="$(MSBuildThisFileDirectory)libjpeg-turbo\turbojpeg.c" />
  </ItemGroup>
  <ItemGroup>
    <CustomBuild Include="C:\Users\scott\Documents\GitHub\Libjpeg-turbo-VS\libjpeg-turbo\simd\jccolor-sse2-64.asm" />
    <CustomBuild Include="C:\Users\scott\Documents\GitHub\Libjpeg-turbo-VS\libjpeg-turbo\simd\jcgray-sse2-64.asm" />
    <CustomBuild Include="C:\Users\scott\Documents\GitHub\Libjpeg-turbo-VS\libjpeg-turbo\simd\jcgryext-sse2-64.asm" />
    <CustomBuild Include="C:\Users\scott\Documents\GitHub\Libjpeg-turbo-VS\libjpeg-turbo\simd\jchuff-sse2-64.asm" />
    <CustomBuild Include="C:\Users\scott\Documents\GitHub\Libjpeg-turbo-VS\libjpeg-turbo\simd\jcsample-sse2-64.asm" />
    <CustomBuild Include="C:\Users\scott\Documents\GitHub\Libjpeg-turbo-VS\libjpeg-turbo\simd\jdcolext-sse2-64.asm" />
    <CustomBuild Include="C:\Users\scott\Documents\GitHub\Libjpeg-turbo-VS\libjpeg-turbo\simd\jdcolor-sse2-64.asm" />
    <CustomBuild Include="C:\Users\scott\Documents\GitHub\Libjpeg-turbo-VS\libjpeg-turbo\simd\jdmerge-sse2-64.asm" />
    <CustomBuild Include="C:\Users\scott\Documents\GitHub\Libjpeg-turbo-VS\libjpeg-turbo\simd\jdmrgext-sse2-64.asm" />
    <CustomBuild Include="C:\Users\scott\Documents\GitHub\Libjpeg-turbo-VS\libjpeg-turbo\simd\jdsample-sse2-64.asm" />
    <CustomBuild Include="C:\Users\scott\Documents\GitHub\Libjpeg-turbo-VS\libjpeg-turbo\simd\jfdctflt-sse-64.asm" />
    <CustomBuild Include="C:\Users\scott\Documents\GitHub\Libjpeg-turbo-VS\libjpeg-turbo\simd\jfdctfst-sse2-64.asm" />
    <CustomBuild Include="C:\Users\scott\Documents\GitHub\Libjpeg-turbo-VS\libjpeg-turbo\simd\jfdctint-sse2-64.asm" />
    <CustomBuild Include="C:\Users\scott\Documents\GitHub\Libjpeg-turbo-VS\libjpeg-turbo\simd\jidctflt-sse2-64.asm" />
    <CustomBuild Include="C:\Users\scott\Documents\GitHub\Libjpeg-turbo-VS\libjpeg-turbo\simd\jidctfst-sse2-64.asm" />
    <CustomBuild Include="C:\Users\scott\Documents\GitHub\Libjpeg-turbo-VS\libjpeg-turbo\simd\jidctint-sse2-64.asm" />
    <CustomBuild Include="C:\Users\scott\Documents\GitHub\Libjpeg-turbo-VS\libjpeg-turbo\simd\jidctred-sse2-64.asm" />
    <CustomBuild Include="C:\Users\scott\Documents\GitHub\Libjpeg-turbo-VS\libjpeg-turbo\simd\jquantf-sse2-64.asm" />
    <CustomBuild Include="C:\Users\scott\Documents\GitHub\Libjpeg-turbo-VS\libjpeg-turbo\simd\jquanti-sse2-64.asm" />
    <CustomBuild Include="$(MSBuildThisFileDirectory)libjpeg-turbo\simd\*-64.asm" />
    <CustomBuild Include="$(MSBuildThisFileDirectory)libjpeg-turbo\simd\*-64.asm" />
    <CustomBuild Include="$(MSBuildThisFileDirectory)libjpeg-turbo\simd\*-64.asm" />
    <CustomBuild Include="$(MSBuildThisFileDirectory)libjpeg-turbo\simd\*-64.asm" />
    <CustomBuild Include="$(MSBuildThisFileDirectory)libjpeg-turbo\simd\*-64.asm" />
    <CustomBuild Include="$(MSBuildThisFileDirectory)libjpeg-turbo\simd\*-64.asm" />
    <CustomBuild Include="$(MSBuildThisFileDirectory)libjpeg-turbo\simd\*-64.asm" />
    <CustomBuild Include="$(MSBuildThisFileDirectory)libjpeg-turbo\simd\*-64.asm" />
    <CustomBuild Include="$(MSBuildThisFileDirectory)libjpeg-turbo\simd\*-64.asm" />
    <CustomBuild Include="$(MSBuildThisFileDirectory)libjpeg-turbo\simd\*-64.asm" />
    <CustomBuild Include="$(MSBuildThisFileDirectory)libjpeg-turbo\simd\*-64.asm" />
  </ItemGroup>
</Project>